
Microsoft Visual Studio Solution File, Format Version 12.00
# Visual Studio Version 16
VisualStudioVersion = 16.0.29709.97
MinimumVisualStudioVersion = 10.0.40219.1
Project("{FAE04EC0-301F-11D3-BF4B-00C04F79EFBC}") = "MVC2Labb1", "MVC2Labb1\MVC2Labb1.csproj", "{45D794E8-189A-4B57-B45D-E74BAB1596D5}"
EndProject
Global
	GlobalSection(SolutionConfigurationPlatforms) = preSolution
		Debug|Any CPU = Debug|Any CPU
		Release|Any CPU = Release|Any CPU
	EndGlobalSection
	GlobalSection(ProjectConfigurationPlatforms) = postSolution
		{45D794E8-189A-4B57-B45D-E74BAB1596D5}.Debug|Any CPU.ActiveCfg = Debug|Any CPU
		{45D794E8-189A-4B57-B45D-E74BAB1596D5}.Debug|Any CPU.Build.0 = Debug|Any CPU
		{45D794E8-189A-4B57-B45D-E74BAB1596D5}.Release|Any CPU.ActiveCfg = Release|Any CPU
		{45D794E8-189A-4B57-B45D-E74BAB1596D5}.Release|Any CPU.Build.0 = Release|Any CPU
	EndGlobalSection
	GlobalSection(SolutionProperties) = preSolution
		HideSolutionNode = FALSE
	EndGlobalSection
	GlobalSection(ExtensibilityGlobals) = postSolution
		SolutionGuid = {47F88E93-FF8A-4BBE-8212-5708443A4DBC}
	EndGlobalSection
EndGlobal
